// !$*UTF8*$!
{
	archiveVersion = 1;
	classes = {
	};
	objectVersion = 51;
	objects = {

/* Begin PBXBuildFile section */
		8CA754E68F2E710446AD633D /* Pods_DaDiTopApps_Demo.framework in Frameworks */ = {isa = PBXBuildFile; fileRef = BC8606E3E6C76DABE1FAD9E3 /* Pods_DaDiTopApps_Demo.framework */; };
		EE22F420239E8AD4001983A1 /* DaDiAppsDB.swift in Sources */ = {isa = PBXBuildFile; fileRef = EE22F41F239E8AD4001983A1 /* DaDiAppsDB.swift */; };
		EE22F422239E8D0B001983A1 /* DaDiFileManager.swift in Sources */ = {isa = PBXBuildFile; fileRef = EE22F421239E8D0B001983A1 /* DaDiFileManager.swift */; };
		EE22F425239EA5F6001983A1 /* SearchAppsCell.swift in Sources */ = {isa = PBXBuildFile; fileRef = EE22F423239EA5F6001983A1 /* SearchAppsCell.swift */; };
		EE22F426239EA5F6001983A1 /* SearchAppsCell.xib in Resources */ = {isa = PBXBuildFile; fileRef = EE22F424239EA5F6001983A1 /* SearchAppsCell.xib */; };
		EEA59660239DE3B900E8F86A /* AppDelegate.swift in Sources */ = {isa = PBXBuildFile; fileRef = EEA5965F239DE3B900E8F86A /* AppDelegate.swift */; };
		EEA59662239DE3B900E8F86A /* SceneDelegate.swift in Sources */ = {isa = PBXBuildFile; fileRef = EEA59661239DE3B900E8F86A /* SceneDelegate.swift */; };
		EEA59666239DE3BC00E8F86A /* Assets.xcassets in Resources */ = {isa = PBXBuildFile; fileRef = EEA59665239DE3BC00E8F86A /* Assets.xcassets */; };
		EEA59669239DE3BC00E8F86A /* Preview Assets.xcassets in Resources */ = {isa = PBXBuildFile; fileRef = EEA59668239DE3BC00E8F86A /* Preview Assets.xcassets */; };
		EEA5966C239DE3BC00E8F86A /* LaunchScreen.storyboard in Resources */ = {isa = PBXBuildFile; fileRef = EEA5966A239DE3BC00E8F86A /* LaunchScreen.storyboard */; };
		EEA59677239DE3BC00E8F86A /* DaDiTopApps_DemoTests.swift in Sources */ = {isa = PBXBuildFile; fileRef = EEA59676239DE3BC00E8F86A /* DaDiTopApps_DemoTests.swift */; };
		EEA59682239DE3BC00E8F86A /* DaDiTopApps_DemoUITests.swift in Sources */ = {isa = PBXBuildFile; fileRef = EEA59681239DE3BC00E8F86A /* DaDiTopApps_DemoUITests.swift */; };
		EEA59691239DE4D100E8F86A /* MainVc.swift in Sources */ = {isa = PBXBuildFile; fileRef = EEA59690239DE4D100E8F86A /* MainVc.swift */; };
		EEA5969A239DEDE300E8F86A /* SearchResultsVc.swift in Sources */ = {isa = PBXBuildFile; fileRef = EEA59698239DEDE300E8F86A /* SearchResultsVc.swift */; };
		EEA5969E239DF0BD00E8F86A /* AppsCell.swift in Sources */ = {isa = PBXBuildFile; fileRef = EEA5969C239DF0BD00E8F86A /* AppsCell.swift */; };
		EEA5969F239DF0BD00E8F86A /* AppsCell.xib in Resources */ = {isa = PBXBuildFile; fileRef = EEA5969D239DF0BD00E8F86A /* AppsCell.xib */; };
		EEA596A2239DF3AD00E8F86A /* AppModel.swift in Sources */ = {isa = PBXBuildFile; fileRef = EEA596A1239DF3AD00E8F86A /* AppModel.swift */; };
		EEA596A7239DF8FE00E8F86A /* DaDiApi.swift in Sources */ = {isa = PBXBuildFile; fileRef = EEA596A6239DF8FE00E8F86A /* DaDiApi.swift */; };
		EEA596A9239DF92100E8F86A /* DaDiRequest.swift in Sources */ = {isa = PBXBuildFile; fileRef = EEA596A8239DF92100E8F86A /* DaDiRequest.swift */; };
		EEA596AB239DF97400E8F86A /* CustomRefresh.swift in Sources */ = {isa = PBXBuildFile; fileRef = EEA596AA239DF97400E8F86A /* CustomRefresh.swift */; };
		EEA596AE239DFE5C00E8F86A /* RecAppCell.swift in Sources */ = {isa = PBXBuildFile; fileRef = EEA596AC239DFE5C00E8F86A /* RecAppCell.swift */; };
		EEA596AF239DFE5C00E8F86A /* RecAppCell.xib in Resources */ = {isa = PBXBuildFile; fileRef = EEA596AD239DFE5C00E8F86A /* RecAppCell.xib */; };
		EEA596B2239DFEB700E8F86A /* RecTableCell.swift in Sources */ = {isa = PBXBuildFile; fileRef = EEA596B0239DFEB700E8F86A /* RecTableCell.swift */; };
		EEA596B3239DFEB700E8F86A /* RecTableCell.xib in Resources */ = {isa = PBXBuildFile; fileRef = EEA596B1239DFEB700E8F86A /* RecTableCell.xib */; };
		EEF981AF239E0F400074EB81 /* SafeArea.swift in Sources */ = {isa = PBXBuildFile; fileRef = EEF981AE239E0F400074EB81 /* SafeArea.swift */; };
/* End PBXBuildFile section */

/* Begin PBXContainerItemProxy section */
		EEA59673239DE3BC00E8F86A /* PBXContainerItemProxy */ = {
			isa = PBXContainerItemProxy;
			containerPortal = EEA59654239DE3B900E8F86A /* Project object */;
			proxyType = 1;
			remoteGlobalIDString = EEA5965B239DE3B900E8F86A;
			remoteInfo = "DaDiTopApps-Demo";
		};
		EEA5967E239DE3BC00E8F86A /* PBXContainerItemProxy */ = {
			isa = PBXContainerItemProxy;
			containerPortal = EEA59654239DE3B900E8F86A /* Project object */;
			proxyType = 1;
			remoteGlobalIDString = EEA5965B239DE3B900E8F86A;
			remoteInfo = "DaDiTopApps-Demo";
		};
/* End PBXContainerItemProxy section */

/* Begin PBXFileReference section */
		1EC8DA50B12B1F275A2057C4 /* Pods-DaDiTopApps-Demo.release.xcconfig */ = {isa = PBXFileReference; includeInIndex = 1; lastKnownFileType = text.xcconfig; name = "Pods-DaDiTopApps-Demo.release.xcconfig"; path = "Target Support Files/Pods-DaDiTopApps-Demo/Pods-DaDiTopApps-Demo.release.xcconfig"; sourceTree = "<group>"; };
		BC8606E3E6C76DABE1FAD9E3 /* Pods_DaDiTopApps_Demo.framework */ = {isa = PBXFileReference; explicitFileType = wrapper.framework; includeInIndex = 0; path = Pods_DaDiTopApps_Demo.framework; sourceTree = BUILT_PRODUCTS_DIR; };
		E3E1E3996F2DF1F8C9228942 /* Pods-DaDiTopApps-Demo.debug.xcconfig */ = {isa = PBXFileReference; includeInIndex = 1; lastKnownFileType = text.xcconfig; name = "Pods-DaDiTopApps-Demo.debug.xcconfig"; path = "Target Support Files/Pods-DaDiTopApps-Demo/Pods-DaDiTopApps-Demo.debug.xcconfig"; sourceTree = "<group>"; };
		EE22F41F239E8AD4001983A1 /* DaDiAppsDB.swift */ = {isa = PBXFileReference; lastKnownFileType = sourcecode.swift; path = DaDiAppsDB.swift; sourceTree = "<group>"; };
		EE22F421239E8D0B001983A1 /* DaDiFileManager.swift */ = {isa = PBXFileReference; lastKnownFileType = sourcecode.swift; path = DaDiFileManager.swift; sourceTree = "<group>"; };
		EE22F423239EA5F6001983A1 /* SearchAppsCell.swift */ = {isa = PBXFileReference; lastKnownFileType = sourcecode.swift; path = SearchAppsCell.swift; sourceTree = "<group>"; };
		EE22F424239EA5F6001983A1 /* SearchAppsCell.xib */ = {isa = PBXFileReference; lastKnownFileType = file.xib; path = SearchAppsCell.xib; sourceTree = "<group>"; };
		EEA5965C239DE3B900E8F86A /* DaDiTopApps-Demo.app */ = {isa = PBXFileReference; explicitFileType = wrapper.application; includeInIndex = 0; path = "DaDiTopApps-Demo.app"; sourceTree = BUILT_PRODUCTS_DIR; };
		EEA5965F239DE3B900E8F86A /* AppDelegate.swift */ = {isa = PBXFileReference; lastKnownFileType = sourcecode.swift; path = AppDelegate.swift; sourceTree = "<group>"; };
		EEA59661239DE3B900E8F86A /* SceneDelegate.swift */ = {isa = PBXFileReference; lastKnownFileType = sourcecode.swift; path = SceneDelegate.swift; sourceTree = "<group>"; };
		EEA59665239DE3BC00E8F86A /* Assets.xcassets */ = {isa = PBXFileReference; lastKnownFileType = folder.assetcatalog; path = Assets.xcassets; sourceTree = "<group>"; };
		EEA59668239DE3BC00E8F86A /* Preview Assets.xcassets */ = {isa = PBXFileReference; lastKnownFileType = folder.assetcatalog; path = "Preview Assets.xcassets"; sourceTree = "<group>"; };
		EEA5966B239DE3BC00E8F86A /* Base */ = {isa = PBXFileReference; lastKnownFileType = file.storyboard; name = Base; path = Base.lproj/LaunchScreen.storyboard; sourceTree = "<group>"; };
		EEA5966D239DE3BC00E8F86A /* Info.plist */ = {isa = PBXFileReference; lastKnownFileType = text.plist.xml; path = Info.plist; sourceTree = "<group>"; };
		EEA59672239DE3BC00E8F86A /* DaDiTopApps-DemoTests.xctest */ = {isa = PBXFileReference; explicitFileType = wrapper.cfbundle; includeInIndex = 0; path = "DaDiTopApps-DemoTests.xctest"; sourceTree = BUILT_PRODUCTS_DIR; };
		EEA59676239DE3BC00E8F86A /* DaDiTopApps_DemoTests.swift */ = {isa = PBXFileReference; lastKnownFileType = sourcecode.swift; path = DaDiTopApps_DemoTests.swift; sourceTree = "<group>"; };
		EEA59678239DE3BC00E8F86A /* Info.plist */ = {isa = PBXFileReference; lastKnownFileType = text.plist.xml; path = Info.plist; sourceTree = "<group>"; };
		EEA5967D239DE3BC00E8F86A /* DaDiTopApps-DemoUITests.xctest */ = {isa = PBXFileReference; explicitFileType = wrapper.cfbundle; includeInIndex = 0; path = "DaDiTopApps-DemoUITests.xctest"; sourceTree = BUILT_PRODUCTS_DIR; };
		EEA59681239DE3BC00E8F86A /* DaDiTopApps_DemoUITests.swift */ = {isa = PBXFileReference; lastKnownFileType = sourcecode.swift; path = DaDiTopApps_DemoUITests.swift; sourceTree = "<group>"; };
		EEA59683239DE3BC00E8F86A /* Info.plist */ = {isa = PBXFileReference; lastKnownFileType = text.plist.xml; path = Info.plist; sourceTree = "<group>"; };
		EEA59690239DE4D100E8F86A /* MainVc.swift */ = {isa = PBXFileReference; lastKnownFileType = sourcecode.swift; path = MainVc.swift; sourceTree = "<group>"; };
		EEA59698239DEDE300E8F86A /* SearchResultsVc.swift */ = {isa = PBXFileReference; lastKnownFileType = sourcecode.swift; path = SearchResultsVc.swift; sourceTree = "<group>"; };
		EEA5969C239DF0BD00E8F86A /* AppsCell.swift */ = {isa = PBXFileReference; lastKnownFileType = sourcecode.swift; path = AppsCell.swift; sourceTree = "<group>"; };
		EEA5969D239DF0BD00E8F86A /* AppsCell.xib */ = {isa = PBXFileReference; lastKnownFileType = file.xib; path = AppsCell.xib; sourceTree = "<group>"; };
		EEA596A1239DF3AD00E8F86A /* AppModel.swift */ = {isa = PBXFileReference; lastKnownFileType = sourcecode.swift; path = AppModel.swift; sourceTree = "<group>"; };
		EEA596A3239DF4E700E8F86A /* libSDWebImage.a */ = {isa = PBXFileReference; explicitFileType = archive.ar; path = libSDWebImage.a; sourceTree = BUILT_PRODUCTS_DIR; };
		EEA596A6239DF8FE00E8F86A /* DaDiApi.swift */ = {isa = PBXFileReference; lastKnownFileType = sourcecode.swift; path = DaDiApi.swift; sourceTree = "<group>"; };
		EEA596A8239DF92100E8F86A /* DaDiRequest.swift */ = {isa = PBXFileReference; lastKnownFileType = sourcecode.swift; path = DaDiRequest.swift; sourceTree = "<group>"; };
		EEA596AA239DF97400E8F86A /* CustomRefresh.swift */ = {isa = PBXFileReference; lastKnownFileType = sourcecode.swift; path = CustomRefresh.swift; sourceTree = "<group>"; };
		EEA596AC239DFE5C00E8F86A /* RecAppCell.swift */ = {isa = PBXFileReference; lastKnownFileType = sourcecode.swift; path = RecAppCell.swift; sourceTree = "<group>"; };
		EEA596AD239DFE5C00E8F86A /* RecAppCell.xib */ = {isa = PBXFileReference; lastKnownFileType = file.xib; path = RecAppCell.xib; sourceTree = "<group>"; };
		EEA596B0239DFEB700E8F86A /* RecTableCell.swift */ = {isa = PBXFileReference; lastKnownFileType = sourcecode.swift; path = RecTableCell.swift; sourceTree = "<group>"; };
		EEA596B1239DFEB700E8F86A /* RecTableCell.xib */ = {isa = PBXFileReference; lastKnownFileType = file.xib; path = RecTableCell.xib; sourceTree = "<group>"; };
		EEF981AE239E0F400074EB81 /* SafeArea.swift */ = {isa = PBXFileReference; lastKnownFileType = sourcecode.swift; path = SafeArea.swift; sourceTree = "<group>"; };
/* End PBXFileReference section */

/* Begin PBXFrameworksBuildPhase section */
		EEA59659239DE3B900E8F86A /* Frameworks */ = {
			isa = PBXFrameworksBuildPhase;
			buildActionMask = 2147483647;
			files = (
				8CA754E68F2E710446AD633D /* Pods_DaDiTopApps_Demo.framework in Frameworks */,
			);
			runOnlyForDeploymentPostprocessing = 0;
		};
		EEA5966F239DE3BC00E8F86A /* Frameworks */ = {
			isa = PBXFrameworksBuildPhase;
			buildActionMask = 2147483647;
			files = (
			);
			runOnlyForDeploymentPostprocessing = 0;
		};
		EEA5967A239DE3BC00E8F86A /* Frameworks */ = {
			isa = PBXFrameworksBuildPhase;
			buildActionMask = 2147483647;
			files = (
			);
			runOnlyForDeploymentPostprocessing = 0;
		};
/* End PBXFrameworksBuildPhase section */

/* Begin PBXGroup section */
		6B6A237AD0EDEBEF537A402A /* Pods */ = {
			isa = PBXGroup;
			children = (
				E3E1E3996F2DF1F8C9228942 /* Pods-DaDiTopApps-Demo.debug.xcconfig */,
				1EC8DA50B12B1F275A2057C4 /* Pods-DaDiTopApps-Demo.release.xcconfig */,
			);
			path = Pods;
			sourceTree = "<group>";
		};
		758340F8E34C4E941FDAACA8 /* Frameworks */ = {
			isa = PBXGroup;
			children = (
				EEA596A3239DF4E700E8F86A /* libSDWebImage.a */,
				BC8606E3E6C76DABE1FAD9E3 /* Pods_DaDiTopApps_Demo.framework */,
			);
			name = Frameworks;
			sourceTree = "<group>";
		};
		EEA59653239DE3B900E8F86A = {
			isa = PBXGroup;
			children = (
				EEA5965E239DE3B900E8F86A /* DaDiTopApps-Demo */,
				EEA59675239DE3BC00E8F86A /* DaDiTopApps-DemoTests */,
				EEA59680239DE3BC00E8F86A /* DaDiTopApps-DemoUITests */,
				EEA5965D239DE3B900E8F86A /* Products */,
				6B6A237AD0EDEBEF537A402A /* Pods */,
				758340F8E34C4E941FDAACA8 /* Frameworks */,
			);
			sourceTree = "<group>";
		};
		EEA5965D239DE3B900E8F86A /* Products */ = {
			isa = PBXGroup;
			children = (
				EEA5965C239DE3B900E8F86A /* DaDiTopApps-Demo.app */,
				EEA59672239DE3BC00E8F86A /* DaDiTopApps-DemoTests.xctest */,
				EEA5967D239DE3BC00E8F86A /* DaDiTopApps-DemoUITests.xctest */,
			);
			name = Products;
			sourceTree = "<group>";
		};
		EEA5965E239DE3B900E8F86A /* DaDiTopApps-Demo */ = {
			isa = PBXGroup;
			children = (
				EEA596A5239DF8CD00E8F86A /* Tools */,
				EEA596A0239DF39A00E8F86A /* Model */,
				EEA59693239DED5F00E8F86A /* View */,
				EEA5968F239DE4BA00E8F86A /* Vc */,
				EEA5965F239DE3B900E8F86A /* AppDelegate.swift */,
				EEA59661239DE3B900E8F86A /* SceneDelegate.swift */,
				EEA59665239DE3BC00E8F86A /* Assets.xcassets */,
				EEA5966A239DE3BC00E8F86A /* LaunchScreen.storyboard */,
				EEA5966D239DE3BC00E8F86A /* Info.plist */,
				EEA59667239DE3BC00E8F86A /* Preview Content */,
			);
			path = "DaDiTopApps-Demo";
			sourceTree = "<group>";
		};
		EEA59667239DE3BC00E8F86A /* Preview Content */ = {
			isa = PBXGroup;
			children = (
				EEA59668239DE3BC00E8F86A /* Preview Assets.xcassets */,
			);
			path = "Preview Content";
			sourceTree = "<group>";
		};
		EEA59675239DE3BC00E8F86A /* DaDiTopApps-DemoTests */ = {
			isa = PBXGroup;
			children = (
				EEA59676239DE3BC00E8F86A /* DaDiTopApps_DemoTests.swift */,
				EEA59678239DE3BC00E8F86A /* Info.plist */,
			);
			path = "DaDiTopApps-DemoTests";
			sourceTree = "<group>";
		};
		EEA59680239DE3BC00E8F86A /* DaDiTopApps-DemoUITests */ = {
			isa = PBXGroup;
			children = (
				EEA59681239DE3BC00E8F86A /* DaDiTopApps_DemoUITests.swift */,
				EEA59683239DE3BC00E8F86A /* Info.plist */,
			);
			path = "DaDiTopApps-DemoUITests";
			sourceTree = "<group>";
		};
		EEA5968F239DE4BA00E8F86A /* Vc */ = {
			isa = PBXGroup;
			children = (
				EEA59690239DE4D100E8F86A /* MainVc.swift */,
				EEA59698239DEDE300E8F86A /* SearchResultsVc.swift */,
			);
			path = Vc;
			sourceTree = "<group>";
		};
		EEA59693239DED5F00E8F86A /* View */ = {
			isa = PBXGroup;
			children = (
				EEA5969C239DF0BD00E8F86A /* AppsCell.swift */,
				EEA5969D239DF0BD00E8F86A /* AppsCell.xib */,
				EE22F423239EA5F6001983A1 /* SearchAppsCell.swift */,
				EE22F424239EA5F6001983A1 /* SearchAppsCell.xib */,
				EEA596AC239DFE5C00E8F86A /* RecAppCell.swift */,
				EEA596AD239DFE5C00E8F86A /* RecAppCell.xib */,
				EEA596B0239DFEB700E8F86A /* RecTableCell.swift */,
				EEA596B1239DFEB700E8F86A /* RecTableCell.xib */,
			);
			path = View;
			sourceTree = "<group>";
		};
		EEA596A0239DF39A00E8F86A /* Model */ = {
			isa = PBXGroup;
			children = (
				EEA596A1239DF3AD00E8F86A /* AppModel.swift */,
			);
			path = Model;
			sourceTree = "<group>";
		};
		EEA596A5239DF8CD00E8F86A /* Tools */ = {
			isa = PBXGroup;
			children = (
				EEA596A6239DF8FE00E8F86A /* DaDiApi.swift */,
				EEA596A8239DF92100E8F86A /* DaDiRequest.swift */,
				EEA596AA239DF97400E8F86A /* CustomRefresh.swift */,
				EEF981AE239E0F400074EB81 /* SafeArea.swift */,
				EE22F41F239E8AD4001983A1 /* DaDiAppsDB.swift */,
				EE22F421239E8D0B001983A1 /* DaDiFileManager.swift */,
			);
			path = Tools;
			sourceTree = "<group>";
		};
/* End PBXGroup section */

/* Begin PBXNativeTarget section */
		EEA5965B239DE3B900E8F86A /* DaDiTopApps-Demo */ = {
			isa = PBXNativeTarget;
			buildConfigurationList = EEA59686239DE3BC00E8F86A /* Build configuration list for PBXNativeTarget "DaDiTopApps-Demo" */;
			buildPhases = (
				835B5B53CE20DA51383BBD6C /* [CP] Check Pods Manifest.lock */,
				EEA59658239DE3B900E8F86A /* Sources */,
				EEA59659239DE3B900E8F86A /* Frameworks */,
				EEA5965A239DE3B900E8F86A /* Resources */,
				3EC52838CA21A15A5880C3C5 /* [CP] Embed Pods Frameworks */,
			);
			buildRules = (
			);
			dependencies = (
			);
			name = "DaDiTopApps-Demo";
			productName = "DaDiTopApps-Demo";
			productReference = EEA5965C239DE3B900E8F86A /* DaDiTopApps-Demo.app */;
			productType = "com.apple.product-type.application";
		};
		EEA59671239DE3BC00E8F86A /* DaDiTopApps-DemoTests */ = {
			isa = PBXNativeTarget;
			buildConfigurationList = EEA59689239DE3BC00E8F86A /* Build configuration list for PBXNativeTarget "DaDiTopApps-DemoTests" */;
			buildPhases = (
				EEA5966E239DE3BC00E8F86A /* Sources */,
				EEA5966F239DE3BC00E8F86A /* Frameworks */,
				EEA59670239DE3BC00E8F86A /* Resources */,
			);
			buildRules = (
			);
			dependencies = (
				EEA59674239DE3BC00E8F86A /* PBXTargetDependency */,
			);
			name = "DaDiTopApps-DemoTests";
			productName = "DaDiTopApps-DemoTests";
			productReference = EEA59672239DE3BC00E8F86A /* DaDiTopApps-DemoTests.xctest */;
			productType = "com.apple.product-type.bundle.unit-test";
		};
		EEA5967C239DE3BC00E8F86A /* DaDiTopApps-DemoUITests */ = {
			isa = PBXNativeTarget;
			buildConfigurationList = EEA5968C239DE3BC00E8F86A /* Build configuration list for PBXNativeTarget "DaDiTopApps-DemoUITests" */;
			buildPhases = (
				EEA59679239DE3BC00E8F86A /* Sources */,
				EEA5967A239DE3BC00E8F86A /* Frameworks */,
				EEA5967B239DE3BC00E8F86A /* Resources */,
			);
			buildRules = (
			);
			dependencies = (
				EEA5967F239DE3BC00E8F86A /* PBXTargetDependency */,
			);
			name = "DaDiTopApps-DemoUITests";
			productName = "DaDiTopApps-DemoUITests";
			productReference = EEA5967D239DE3BC00E8F86A /* DaDiTopApps-DemoUITests.xctest */;
			productType = "com.apple.product-type.bundle.ui-testing";
		};
/* End PBXNativeTarget section */

/* Begin PBXProject section */
		EEA59654239DE3B900E8F86A /* Project object */ = {
			isa = PBXProject;
			attributes = {
				LastSwiftUpdateCheck = 1120;
				LastUpgradeCheck = 1120;
				ORGANIZATIONNAME = "夏以铭";
				TargetAttributes = {
					EEA5965B239DE3B900E8F86A = {
						CreatedOnToolsVersion = 11.2.1;
					};
					EEA59671239DE3BC00E8F86A = {
						CreatedOnToolsVersion = 11.2.1;
						TestTargetID = EEA5965B239DE3B900E8F86A;
					};
					EEA5967C239DE3BC00E8F86A = {
						CreatedOnToolsVersion = 11.2.1;
						TestTargetID = EEA5965B239DE3B900E8F86A;
					};
				};
			};
			buildConfigurationList = EEA59657239DE3B900E8F86A /* Build configuration list for PBXProject "DaDiTopApps-Demo" */;
			compatibilityVersion = "Xcode 9.3";
			developmentRegion = en;
			hasScannedForEncodings = 0;
			knownRegions = (
				en,
				Base,
			);
			mainGroup = EEA59653239DE3B900E8F86A;
			productRefGroup = EEA5965D239DE3B900E8F86A /* Products */;
			projectDirPath = "";
			projectRoot = "";
			targets = (
				EEA5965B239DE3B900E8F86A /* DaDiTopApps-Demo */,
				EEA59671239DE3BC00E8F86A /* DaDiTopApps-DemoTests */,
				EEA5967C239DE3BC00E8F86A /* DaDiTopApps-DemoUITests */,
			);
		};
/* End PBXProject section */

/* Begin PBXResourcesBuildPhase section */
		EEA5965A239DE3B900E8F86A /* Resources */ = {
			isa = PBXResourcesBuildPhase;
			buildActionMask = 2147483647;
			files = (
				EEA5969F239DF0BD00E8F86A /* AppsCell.xib in Resources */,
				EEA5966C239DE3BC00E8F86A /* LaunchScreen.storyboard in Resources */,
				EE22F426239EA5F6001983A1 /* SearchAppsCell.xib in Resources */,
				EEA596AF239DFE5C00E8F86A /* RecAppCell.xib in Resources */,
				EEA59669239DE3BC00E8F86A /* Preview Assets.xcassets in Resources */,
				EEA59666239DE3BC00E8F86A /* Assets.xcassets in Resources */,
				EEA596B3239DFEB700E8F86A /* RecTableCell.xib in Resources */,
			);
			runOnlyForDeploymentPostprocessing = 0;
		};
		EEA59670239DE3BC00E8F86A /* Resources */ = {
			isa = PBXResourcesBuildPhase;
			buildActionMask = 2147483647;
			files = (
			);
			runOnlyForDeploymentPostprocessing = 0;
		};
		EEA5967B239DE3BC00E8F86A /* Resources */ = {
			isa = PBXResourcesBuildPhase;
			buildActionMask = 2147483647;
			files = (
			);
			runOnlyForDeploymentPostprocessing = 0;
		};
/* End PBXResourcesBuildPhase section */

/* Begin PBXShellScriptBuildPhase section */
		3EC52838CA21A15A5880C3C5 /* [CP] Embed Pods Frameworks */ = {
			isa = PBXShellScriptBuildPhase;
			buildActionMask = 2147483647;
			files = (
			);
			inputFileListPaths = (
				"${PODS_ROOT}/Target Support Files/Pods-DaDiTopApps-Demo/Pods-DaDiTopApps-Demo-frameworks-${CONFIGURATION}-input-files.xcfilelist",
			);
			name = "[CP] Embed Pods Frameworks";
			outputFileListPaths = (
				"${PODS_ROOT}/Target Support Files/Pods-DaDiTopApps-Demo/Pods-DaDiTopApps-Demo-frameworks-${CONFIGURATION}-output-files.xcfilelist",
			);
			runOnlyForDeploymentPostprocessing = 0;
			shellPath = /bin/sh;
			shellScript = "\"${PODS_ROOT}/Target Support Files/Pods-DaDiTopApps-Demo/Pods-DaDiTopApps-Demo-frameworks.sh\"\n";
			showEnvVarsInLog = 0;
		};
		835B5B53CE20DA51383BBD6C /* [CP] Check Pods Manifest.lock */ = {
			isa = PBXShellScriptBuildPhase;
			buildActionMask = 2147483647;
			files = (
			);
			inputFileListPaths = (
			);
			inputPaths = (
				"${PODS_PODFILE_DIR_PATH}/Podfile.lock",
				"${PODS_ROOT}/Manifest.lock",
			);
			name = "[CP] Check Pods Manifest.lock";
			outputFileListPaths = (
			);
			outputPaths = (
				"$(DERIVED_FILE_DIR)/Pods-DaDiTopApps-Demo-checkManifestLockResult.txt",
			);
			runOnlyForDeploymentPostprocessing = 0;
			shellPath = /bin/sh;
			shellScript = "diff \"${PODS_PODFILE_DIR_PATH}/Podfile.lock\" \"${PODS_ROOT}/Manifest.lock\" > /dev/null\nif [ $? != 0 ] ; then\n    # print error to STDERR\n    echo \"error: The sandbox is not in sync with the Podfile.lock. Run 'pod install' or update your CocoaPods installation.\" >&2\n    exit 1\nfi\n# This output is used by Xcode 'outputs' to avoid re-running this script phase.\necho \"SUCCESS\" > \"${SCRIPT_OUTPUT_FILE_0}\"\n";
			showEnvVarsInLog = 0;
		};
/* End PBXShellScriptBuildPhase section */

/* Begin PBXSourcesBuildPhase section */
		EEA59658239DE3B900E8F86A /* Sources */ = {
			isa = PBXSourcesBuildPhase;
			buildActionMask = 2147483647;
			files = (
				EEA596B2239DFEB700E8F86A /* RecTableCell.swift in Sources */,
				EEF981AF239E0F400074EB81 /* SafeArea.swift in Sources */,
				EEA59660239DE3B900E8F86A /* AppDelegate.swift in Sources */,
				EEA596A2239DF3AD00E8F86A /* AppModel.swift in Sources */,
				EEA5969A239DEDE300E8F86A /* SearchResultsVc.swift in Sources */,
				EEA59691239DE4D100E8F86A /* MainVc.swift in Sources */,
				EE22F420239E8AD4001983A1 /* DaDiAppsDB.swift in Sources */,
				EE22F425239EA5F6001983A1 /* SearchAppsCell.swift in Sources */,
				EEA5969E239DF0BD00E8F86A /* AppsCell.swift in Sources */,
				EEA59662239DE3B900E8F86A /* SceneDelegate.swift in Sources */,
				EE22F422239E8D0B001983A1 /* DaDiFileManager.swift in Sources */,
				EEA596A7239DF8FE00E8F86A /* DaDiApi.swift in Sources */,
				EEA596A9239DF92100E8F86A /* DaDiRequest.swift in Sources */,
				EEA596AE239DFE5C00E8F86A /* RecAppCell.swift in Sources */,
				EEA596AB239DF97400E8F86A /* CustomRefresh.swift in Sources */,
			);
			runOnlyForDeploymentPostprocessing = 0;
		};
		EEA5966E239DE3BC00E8F86A /* Sources */ = {
			isa = PBXSourcesBuildPhase;
			buildActionMask = 2147483647;
			files = (
				EEA59677239DE3BC00E8F86A /* DaDiTopApps_DemoTests.swift in Sources */,
			);
			runOnlyForDeploymentPostprocessing = 0;
		};
		EEA59679239DE3BC00E8F86A /* Sources */ = {
			isa = PBXSourcesBuildPhase;
			buildActionMask = 2147483647;
			files = (
				EEA59682239DE3BC00E8F86A /* DaDiTopApps_DemoUITests.swift in Sources */,
			);
			runOnlyForDeploymentPostprocessing = 0;
		};
/* End PBXSourcesBuildPhase section */

/* Begin PBXTargetDependency section */
		EEA59674239DE3BC00E8F86A /* PBXTargetDependency */ = {
			isa = PBXTargetDependency;
			target = EEA5965B239DE3B900E8F86A /* DaDiTopApps-Demo */;
			targetProxy = EEA59673239DE3BC00E8F86A /* PBXContainerItemProxy */;
		};
		EEA5967F239DE3BC00E8F86A /* PBXTargetDependency */ = {
			isa = PBXTargetDependency;
			target = EEA5965B239DE3B900E8F86A /* DaDiTopApps-Demo */;
			targetProxy = EEA5967E239DE3BC00E8F86A /* PBXContainerItemProxy */;
		};
/* End PBXTargetDependency section */

/* Begin PBXVariantGroup section */
		EEA5966A239DE3BC00E8F86A /* LaunchScreen.storyboard */ = {
			isa = PBXVariantGroup;
			children = (
				EEA5966B239DE3BC00E8F86A /* Base */,
			);
			name = LaunchScreen.storyboard;
			sourceTree = "<group>";
		};
/* End PBXVariantGroup section */

/* Begin XCBuildConfiguration section */
		EEA59684239DE3BC00E8F86A /* Debug */ = {
			isa = XCBuildConfiguration;
			buildSettings = {
				ALWAYS_SEARCH_USER_PATHS = NO;
				CLANG_ANALYZER_NONNULL = YES;
				CLANG_ANALYZER_NUMBER_OBJECT_CONVERSION = YES_AGGRESSIVE;
				CLANG_CXX_LANGUAGE_STANDARD = "gnu++14";
				CLANG_CXX_LIBRARY = "libc++";
				CLANG_ENABLE_MODULES = YES;
				CLANG_ENABLE_OBJC_ARC = YES;
				CLANG_ENABLE_OBJC_WEAK = YES;
				CLANG_WARN_BLOCK_CAPTURE_AUTORELEASING = YES;
				CLANG_WARN_BOOL_CONVERSION = YES;
				CLANG_WARN_COMMA = YES;
				CLANG_WARN_CONSTANT_CONVERSION = YES;
				CLANG_WARN_DEPRECATED_OBJC_IMPLEMENTATIONS = YES;
				CLANG_WARN_DIRECT_OBJC_ISA_USAGE = YES_ERROR;
				CLANG_WARN_DOCUMENTATION_COMMENTS = YES;
				CLANG_WARN_EMPTY_BODY = YES;
				CLANG_WARN_ENUM_CONVERSION = YES;
				CLANG_WARN_INFINITE_RECURSION = YES;
				CLANG_WARN_INT_CONVERSION = YES;
				CLANG_WARN_NON_LITERAL_NULL_CONVERSION = YES;
				CLANG_WARN_OBJC_IMPLICIT_RETAIN_SELF = YES;
				CLANG_WARN_OBJC_LITERAL_CONVERSION = YES;
				CLANG_WARN_OBJC_ROOT_CLASS = YES_ERROR;
				CLANG_WARN_RANGE_LOOP_ANALYSIS = YES;
				CLANG_WARN_STRICT_PROTOTYPES = YES;
				CLANG_WARN_SUSPICIOUS_MOVE = YES;
				CLANG_WARN_UNGUARDED_AVAILABILITY = YES_AGGRESSIVE;
				CLANG_WARN_UNREACHABLE_CODE = YES;
				CLANG_WARN__DUPLICATE_METHOD_MATCH = YES;
				COPY_PHASE_STRIP = NO;
				DEBUG_INFORMATION_FORMAT = dwarf;
				ENABLE_STRICT_OBJC_MSGSEND = YES;
				ENABLE_TESTABILITY = YES;
				GCC_C_LANGUAGE_STANDARD = gnu11;
				GCC_DYNAMIC_NO_PIC = NO;
				GCC_NO_COMMON_BLOCKS = YES;
				GCC_OPTIMIZATION_LEVEL = 0;
				GCC_PREPROCESSOR_DEFINITIONS = (
					"DEBUG=1",
					"$(inherited)",
				);
				GCC_WARN_64_TO_32_BIT_CONVERSION = YES;
				GCC_WARN_ABOUT_RETURN_TYPE = YES_ERROR;
				GCC_WARN_UNDECLARED_SELECTOR = YES;
				GCC_WARN_UNINITIALIZED_AUTOS = YES_AGGRESSIVE;
				GCC_WARN_UNUSED_FUNCTION = YES;
				GCC_WARN_UNUSED_VARIABLE = YES;
				IPHONEOS_DEPLOYMENT_TARGET = 13.2;
				MTL_ENABLE_DEBUG_INFO = INCLUDE_SOURCE;
				MTL_FAST_MATH = YES;
				ONLY_ACTIVE_ARCH = YES;
				SDKROOT = iphoneos;
				SWIFT_ACTIVE_COMPILATION_CONDITIONS = DEBUG;
				SWIFT_OPTIMIZATION_LEVEL = "-Onone";
			};
			name = Debug;
		};
		EEA59685239DE3BC00E8F86A /* Release */ = {
			isa = XCBuildConfiguration;
			buildSettings = {
				ALWAYS_SEARCH_USER_PATHS = NO;
				CLANG_ANALYZER_NONNULL = YES;
				CLANG_ANALYZER_NUMBER_OBJECT_CONVERSION = YES_AGGRESSIVE;
				CLANG_CXX_LANGUAGE_STANDARD = "gnu++14";
				CLANG_CXX_LIBRARY = "libc++";
				CLANG_ENABLE_MODULES = YES;
				CLANG_ENABLE_OBJC_ARC = YES;
				CLANG_ENABLE_OBJC_WEAK = YES;
				CLANG_WARN_BLOCK_CAPTURE_AUTORELEASING = YES;
				CLANG_WARN_BOOL_CONVERSION = YES;
				CLANG_WARN_COMMA = YES;
				CLANG_WARN_CONSTANT_CONVERSION = YES;
				CLANG_WARN_DEPRECATED_OBJC_IMPLEMENTATIONS = YES;
				CLANG_WARN_DIRECT_OBJC_ISA_USAGE = YES_ERROR;
				CLANG_WARN_DOCUMENTATION_COMMENTS = YES;
				CLANG_WARN_EMPTY_BODY = YES;
				CLANG_WARN_ENUM_CONVERSION = YES;
				CLANG_WARN_INFINITE_RECURSION = YES;
				CLANG_WARN_INT_CONVERSION = YES;
				CLANG_WARN_NON_LITERAL_NULL_CONVERSION = YES;
				CLANG_WARN_OBJC_IMPLICIT_RETAIN_SELF = YES;
				CLANG_WARN_OBJC_LITERAL_CONVERSION = YES;
				CLANG_WARN_OBJC_ROOT_CLASS = YES_ERROR;
				CLANG_WARN_RANGE_LOOP_ANALYSIS = YES;
				CLANG_WARN_STRICT_PROTOTYPES = YES;
				CLANG_WARN_SUSPICIOUS_MOVE = YES;
				CLANG_WARN_UNGUARDED_AVAILABILITY = YES_AGGRESSIVE;
				CLANG_WARN_UNREACHABLE_CODE = YES;
				CLANG_WARN__DUPLICATE_METHOD_MATCH = YES;
				COPY_PHASE_STRIP = NO;
				DEBUG_INFORMATION_FORMAT = "dwarf-with-dsym";
				ENABLE_NS_ASSERTIONS = NO;
				ENABLE_STRICT_OBJC_MSGSEND = YES;
				GCC_C_LANGUAGE_STANDARD = gnu11;
				GCC_NO_COMMON_BLOCKS = YES;
				GCC_WARN_64_TO_32_BIT_CONVERSION = YES;
				GCC_WARN_ABOUT_RETURN_TYPE = YES_ERROR;
				GCC_WARN_UNDECLARED_SELECTOR = YES;
				GCC_WARN_UNINITIALIZED_AUTOS = YES_AGGRESSIVE;
				GCC_WARN_UNUSED_FUNCTION = YES;
				GCC_WARN_UNUSED_VARIABLE = YES;
				IPHONEOS_DEPLOYMENT_TARGET = 13.2;
				MTL_ENABLE_DEBUG_INFO = NO;
				MTL_FAST_MATH = YES;
				SDKROOT = iphoneos;
				SWIFT_COMPILATION_MODE = wholemodule;
				SWIFT_OPTIMIZATION_LEVEL = "-O";
				VALIDATE_PRODUCT = YES;
			};
			name = Release;
		};
		EEA59687239DE3BC00E8F86A /* Debug */ = {
			isa = XCBuildConfiguration;
			baseConfigurationReference = E3E1E3996F2DF1F8C9228942 /* Pods-DaDiTopApps-Demo.debug.xcconfig */;
			buildSettings = {
				ASSETCATALOG_COMPILER_APPICON_NAME = AppIcon;
				CODE_SIGN_STYLE = Automatic;
				DEVELOPMENT_ASSET_PATHS = "\"DaDiTopApps-Demo/Preview Content\"";
				ENABLE_PREVIEWS = YES;
				INFOPLIST_FILE = "DaDiTopApps-Demo/Info.plist";
				LD_RUNPATH_SEARCH_PATHS = (
					"$(inherited)",
					"@executable_path/Frameworks",
				);
				PRODUCT_BUNDLE_IDENTIFIER = "www.xym.com.DaDiTopApps-Demo";
				PRODUCT_NAME = "$(TARGET_NAME)";
				SWIFT_VERSION = 5.0;
				TARGETED_DEVICE_FAMILY = "1,2";
			};
			name = Debug;
		};
		EEA59688239DE3BC00E8F86A /* Release */ = {
			isa = XCBuildConfiguration;
			baseConfigurationReference = 1EC8DA50B12B1F275A2057C4 /* Pods-DaDiTopApps-Demo.release.xcconfig */;
			buildSettings = {
				ASSETCATALOG_COMPILER_APPICON_NAME = AppIcon;
				CODE_SIGN_STYLE = Automatic;
				DEVELOPMENT_ASSET_PATHS = "\"DaDiTopApps-Demo/Preview Content\"";
				ENABLE_PREVIEWS = YES;
				INFOPLIST_FILE = "DaDiTopApps-Demo/Info.plist";
				LD_RUNPATH_SEARCH_PATHS = (
					"$(inherited)",
					"@executable_path/Frameworks",
				);
				PRODUCT_BUNDLE_IDENTIFIER = "www.xym.com.DaDiTopApps-Demo";
				PRODUCT_NAME = "$(TARGET_NAME)";
				SWIFT_VERSION = 5.0;
				TARGETED_DEVICE_FAMILY = "1,2";
			};
			name = Release;
		};
		EEA5968A239DE3BC00E8F86A /* Debug */ = {
			isa = XCBuildConfiguration;
			buildSettings = {
				ALWAYS_EMBED_SWIFT_STANDARD_LIBRARIES = YES;
				BUNDLE_LOADER = "$(TEST_HOST)";
				CODE_SIGN_STYLE = Automatic;
				INFOPLIST_FILE = "DaDiTopApps-DemoTests/Info.plist";
				IPHONEOS_DEPLOYMENT_TARGET = 13.2;
				LD_RUNPATH_SEARCH_PATHS = (
					"$(inherited)",
					"@executable_path/Frameworks",
					"@loader_path/Frameworks",
				);
				PRODUCT_BUNDLE_IDENTIFIER = "www.xym.com.DaDiTopApps-DemoTests";
				PRODUCT_NAME = "$(TARGET_NAME)";
				SWIFT_VERSION = 5.0;
				TARGETED_DEVICE_FAMILY = "1,2";
				TEST_HOST = "$(BUILT_PRODUCTS_DIR)/DaDiTopApps-Demo.app/DaDiTopApps-Demo";
			};
			name = Debug;
		};
		EEA5968B239DE3BC00E8F86A /* Release */ = {
			isa = XCBuildConfiguration;
			buildSettings = {
				ALWAYS_EMBED_SWIFT_STANDARD_LIBRARIES = YES;
				BUNDLE_LOADER = "$(TEST_HOST)";
				CODE_SIGN_STYLE = Automatic;
				INFOPLIST_FILE = "DaDiTopApps-DemoTests/Info.plist";
				IPHONEOS_DEPLOYMENT_TARGET = 13.2;
				LD_RUNPATH_SEARCH_PATHS = (
					"$(inherited)",
					"@executable_path/Frameworks",
					"@loader_path/Frameworks",
				);
				PRODUCT_BUNDLE_IDENTIFIER = "www.xym.com.DaDiTopApps-DemoTests";
				PRODUCT_NAME = "$(TARGET_NAME)";
				SWIFT_VERSION = 5.0;
				TARGETED_DEVICE_FAMILY = "1,2";
				TEST_HOST = "$(BUILT_PRODUCTS_DIR)/DaDiTopApps-Demo.app/DaDiTopApps-Demo";
			};
			name = Release;
		};
		EEA5968D239DE3BC00E8F86A /* Debug */ = {
			isa = XCBuildConfiguration;
			buildSettings = {
				ALWAYS_EMBED_SWIFT_STANDARD_LIBRARIES = YES;
				CODE_SIGN_STYLE = Automatic;
				INFOPLIST_FILE = "DaDiTopApps-DemoUITests/Info.plist";
				LD_RUNPATH_SEARCH_PATHS = (
					"$(inherited)",
					"@executable_path/Frameworks",
					"@loader_path/Frameworks",
				);
				PRODUCT_BUNDLE_IDENTIFIER = "www.xym.com.DaDiTopApps-DemoUITests";
				PRODUCT_NAME = "$(TARGET_NAME)";
				SWIFT_VERSION = 5.0;
				TARGETED_DEVICE_FAMILY = "1,2";
				TEST_TARGET_NAME = "DaDiTopApps-Demo";
			};
			name = Debug;
		};
		EEA5968E239DE3BC00E8F86A /* Release */ = {
			isa = XCBuildConfiguration;
			buildSettings = {
				ALWAYS_EMBED_SWIFT_STANDARD_LIBRARIES = YES;
				CODE_SIGN_STYLE = Automatic;
				INFOPLIST_FILE = "DaDiTopApps-DemoUITests/Info.plist";
				LD_RUNPATH_SEARCH_PATHS = (
					"$(inherited)",
					"@executable_path/Frameworks",
					"@loader_path/Frameworks",
				);
				PRODUCT_BUNDLE_IDENTIFIER = "www.xym.com.DaDiTopApps-DemoUITests";
				PRODUCT_NAME = "$(TARGET_NAME)";
				SWIFT_VERSION = 5.0;
				TARGETED_DEVICE_FAMILY = "1,2";
				TEST_TARGET_NAME = "DaDiTopApps-Demo";
			};
			name = Release;
		};
/* End XCBuildConfiguration section */

/* Begin XCConfigurationList section */
		EEA59657239DE3B900E8F86A /* Build configuration list for PBXProject "DaDiTopApps-Demo" */ = {
			isa = XCConfigurationList;
			buildConfigurations = (
				EEA59684239DE3BC00E8F86A /* Debug */,
				EEA59685239DE3BC00E8F86A /* Release */,
			);
			defaultConfigurationIsVisible = 0;
			defaultConfigurationName = Release;
		};
		EEA59686239DE3BC00E8F86A /* Build configuration list for PBXNativeTarget "DaDiTopApps-Demo" */ = {
			isa = XCConfigurationList;
			buildConfigurations = (
				EEA59687239DE3BC00E8F86A /* Debug */,
				EEA59688239DE3BC00E8F86A /* Release */,
			);
			defaultConfigurationIsVisible = 0;
			defaultConfigurationName = Release;
		};
		EEA59689239DE3BC00E8F86A /* Build configuration list for PBXNativeTarget "DaDiTopApps-DemoTests" */ = {
			isa = XCConfigurationList;
			buildConfigurations = (
				EEA5968A239DE3BC00E8F86A /* Debug */,
				EEA5968B239DE3BC00E8F86A /* Release */,
			);
			defaultConfigurationIsVisible = 0;
			defaultConfigurationName = Release;
		};
		EEA5968C239DE3BC00E8F86A /* Build configuration list for PBXNativeTarget "DaDiTopApps-DemoUITests" */ = {
			isa = XCConfigurationList;
			buildConfigurations = (
				EEA5968D239DE3BC00E8F86A /* Debug */,
				EEA5968E239DE3BC00E8F86A /* Release */,
			);
			defaultConfigurationIsVisible = 0;
			defaultConfigurationName = Release;
		};
/* End XCConfigurationList section */
	};
	rootObject = EEA59654239DE3B900E8F86A /* Project object */;
}
